
Microsoft Visual Studio Solution File, Format Version 12.00
# Visual Studio Version 17
VisualStudioVersion = 17.14.36109.1
MinimumVisualStudioVersion = 10.0.40219.1
Project("{FAE04EC0-301F-11D3-BF4B-00C04F79EFBC}") = "MailGateway", "MailGateway\MailGateway.csproj", "{FDF81BEC-0B95-4558-BC18-BCE392E38D16}"
EndProject
Global
	GlobalSection(SolutionConfigurationPlatforms) = preSolution
		Debug|Any CPU = Debug|Any CPU
		Release|Any CPU = Release|Any CPU
	EndGlobalSection
	GlobalSection(ProjectConfigurationPlatforms) = postSolution
		{FDF81BEC-0B95-4558-BC18-BCE392E38D16}.Debug|Any CPU.ActiveCfg = Debug|Any CPU
		{FDF81BEC-0B95-4558-BC18-BCE392E38D16}.Debug|Any CPU.Build.0 = Debug|Any CPU
		{FDF81BEC-0B95-4558-BC18-BCE392E38D16}.Release|Any CPU.ActiveCfg = Release|Any CPU
		{FDF81BEC-0B95-4558-BC18-BCE392E38D16}.Release|Any CPU.Build.0 = Release|Any CPU
	EndGlobalSection
	GlobalSection(SolutionProperties) = preSolution
		HideSolutionNode = FALSE
	EndGlobalSection
	GlobalSection(ExtensibilityGlobals) = postSolution
		SolutionGuid = {09822411-13D1-4A73-9C60-5731B061DBB0}
	EndGlobalSection
EndGlobal
