
Microsoft Visual Studio Solution File, Format Version 12.00
# Visual Studio Version 17
VisualStudioVersion = 17.14.36109.1
MinimumVisualStudioVersion = 10.0.40219.1
Project("{FAE04EC0-301F-11D3-BF4B-00C04F79EFBC}") = "MailGateway", "MailGateway\MailGateway.csproj", "{FDF81BEC-0B95-4558-BC18-BCE392E38D16}"
EndProject
Project("{FAE04EC0-301F-11D3-BF4B-00C04F79EFBC}") = "Application", "Application\Application.csproj", "{7CAAEF2D-CB90-42B9-81BE-9416A5A60AA5}"
EndProject
Project("{FAE04EC0-301F-11D3-BF4B-00C04F79EFBC}") = "Domain", "Domain\Domain.csproj", "{9F499703-B889-408F-BDAC-977DA777F88B}"
EndProject
Project("{FAE04EC0-301F-11D3-BF4B-00C04F79EFBC}") = "Infrastructure", "Infrastructure\Infrastructure.csproj", "{AF376657-D109-4873-8428-9E10D272997F}"
EndProject
Project("{FAE04EC0-301F-11D3-BF4B-00C04F79EFBC}") = "Shared", "Shared\Shared.csproj", "{4120ACED-DF9A-4EA4-9BC9-FDA277E7389E}"
EndProject
Global
	GlobalSection(SolutionConfigurationPlatforms) = preSolution
		Debug|Any CPU = Debug|Any CPU
		Release|Any CPU = Release|Any CPU
	EndGlobalSection
	GlobalSection(ProjectConfigurationPlatforms) = postSolution
		{FDF81BEC-0B95-4558-BC18-BCE392E38D16}.Debug|Any CPU.ActiveCfg = Debug|Any CPU
		{FDF81BEC-0B95-4558-BC18-BCE392E38D16}.Debug|Any CPU.Build.0 = Debug|Any CPU
		{FDF81BEC-0B95-4558-BC18-BCE392E38D16}.Release|Any CPU.ActiveCfg = Release|Any CPU
		{FDF81BEC-0B95-4558-BC18-BCE392E38D16}.Release|Any CPU.Build.0 = Release|Any CPU
		{7CAAEF2D-CB90-42B9-81BE-9416A5A60AA5}.Debug|Any CPU.ActiveCfg = Debug|Any CPU
		{7CAAEF2D-CB90-42B9-81BE-9416A5A60AA5}.Debug|Any CPU.Build.0 = Debug|Any CPU
		{7CAAEF2D-CB90-42B9-81BE-9416A5A60AA5}.Release|Any CPU.ActiveCfg = Release|Any CPU
		{7CAAEF2D-CB90-42B9-81BE-9416A5A60AA5}.Release|Any CPU.Build.0 = Release|Any CPU
		{9F499703-B889-408F-BDAC-977DA777F88B}.Debug|Any CPU.ActiveCfg = Debug|Any CPU
		{9F499703-B889-408F-BDAC-977DA777F88B}.Debug|Any CPU.Build.0 = Debug|Any CPU
		{9F499703-B889-408F-BDAC-977DA777F88B}.Release|Any CPU.ActiveCfg = Release|Any CPU
		{9F499703-B889-408F-BDAC-977DA777F88B}.Release|Any CPU.Build.0 = Release|Any CPU
		{AF376657-D109-4873-8428-9E10D272997F}.Debug|Any CPU.ActiveCfg = Debug|Any CPU
		{AF376657-D109-4873-8428-9E10D272997F}.Debug|Any CPU.Build.0 = Debug|Any CPU
		{AF376657-D109-4873-8428-9E10D272997F}.Release|Any CPU.ActiveCfg = Release|Any CPU
		{AF376657-D109-4873-8428-9E10D272997F}.Release|Any CPU.Build.0 = Release|Any CPU
		{4120ACED-DF9A-4EA4-9BC9-FDA277E7389E}.Debug|Any CPU.ActiveCfg = Debug|Any CPU
		{4120ACED-DF9A-4EA4-9BC9-FDA277E7389E}.Debug|Any CPU.Build.0 = Debug|Any CPU
		{4120ACED-DF9A-4EA4-9BC9-FDA277E7389E}.Release|Any CPU.ActiveCfg = Release|Any CPU
		{4120ACED-DF9A-4EA4-9BC9-FDA277E7389E}.Release|Any CPU.Build.0 = Release|Any CPU
	EndGlobalSection
	GlobalSection(SolutionProperties) = preSolution
		HideSolutionNode = FALSE
	EndGlobalSection
	GlobalSection(ExtensibilityGlobals) = postSolution
		SolutionGuid = {09822411-13D1-4A73-9C60-5731B061DBB0}
	EndGlobalSection
EndGlobal
